
Microsoft Visual Studio Solution File, Format Version 12.00
# Visual Studio 15
VisualStudioVersion = 15.0.28307.1169
MinimumVisualStudioVersion = 10.0.40219.1
Project("{FAE04EC0-301F-11D3-BF4B-00C04F79EFBC}") = "proyecto", "proyecto\proyecto.csproj", "{01FCC704-4BAD-412C-B1F5-96DAF6B1CBBA}"
EndProject
Global
	GlobalSection(SolutionConfigurationPlatforms) = preSolution
		Debug|Any CPU = Debug|Any CPU
		Release|Any CPU = Release|Any CPU
	EndGlobalSection
	GlobalSection(ProjectConfigurationPlatforms) = postSolution
		{01FCC704-4BAD-412C-B1F5-96DAF6B1CBBA}.Debug|Any CPU.ActiveCfg = Debug|Any CPU
		{01FCC704-4BAD-412C-B1F5-96DAF6B1CBBA}.Debug|Any CPU.Build.0 = Debug|Any CPU
		{01FCC704-4BAD-412C-B1F5-96DAF6B1CBBA}.Release|Any CPU.ActiveCfg = Release|Any CPU
		{01FCC704-4BAD-412C-B1F5-96DAF6B1CBBA}.Release|Any CPU.Build.0 = Release|Any CPU
	EndGlobalSection
	GlobalSection(SolutionProperties) = preSolution
		HideSolutionNode = FALSE
	EndGlobalSection
	GlobalSection(ExtensibilityGlobals) = postSolution
		SolutionGuid = {A4387002-7067-4669-AE84-4F683CE9AE11}
	EndGlobalSection
EndGlobal
